PODS:
  - boost (1.76.0)
  - DoubleConversion (1.1.6)
  - FBLazyVector (0.72.11)
  - FBReactNativeSpec (0.72.11):
    - RCT-Folly (= 2021.07.22.00)
    - RCTRequired (= 0.72.11)
    - RCTTypeSafety (= 0.72.11)
    - React-Core (= 0.72.11)
    - React-jsi (= 0.72.11)
    - ReactCommon/turbomodule/core (= 0.72.11)
  - fmt (6.2.1)
  - glog (0.3.5)
  - hermes-engine (0.72.9):
    - hermes-engine/Pre-built (= 0.72.9)
  - hermes-engine/Pre-built (0.72.9)
  - libevent (2.1.12)
  - libwebp (1.2.4):
    - libwebp/demux (= 1.2.4)
    - libwebp/mux (= 1.2.4)
    - libwebp/webp (= 1.2.4)
  - libwebp/demux (1.2.4):
    - libwebp/webp
  - libwebp/mux (1.2.4):
    - libwebp/demux
  - libwebp/webp (1.2.4)
  - RCT-Folly (2021.07.22.00):
    - boost
    - DoubleConversion
    - fmt (~> 6.2.1)
    - glog
    - RCT-Folly/Default (= 2021.07.22.00)
  - RCT-Folly/Default (2021.07.22.00):
    - boost
    - DoubleConversion
    - fmt (~> 6.2.1)
    - glog
  - RCT-Folly/Futures (2021.07.22.00):
    - boost
    - DoubleConversion
    - fmt (~> 6.2.1)
    - glog
    - libevent
  - RCTRequired (0.72.11)
  - RCTTypeSafety (0.72.11):
    - FBLazyVector (= 0.72.11)
    - RCTRequired (= 0.72.11)
    - React-Core (= 0.72.11)
  - React (0.72.11):
    - React-Core (= 0.72.11)
    - React-Core/DevSupport (= 0.72.11)
    - React-Core/RCTWebSocket (= 0.72.11)
    - React-RCTActionSheet (= 0.72.11)
    - React-RCTAnimation (= 0.72.11)
    - React-RCTBlob (= 0.72.11)
    - React-RCTImage (= 0.72.11)
    - React-RCTLinking (= 0.72.11)
    - React-RCTNetwork (= 0.72.11)
    - React-RCTSettings (= 0.72.11)
    - React-RCTText (= 0.72.11)
    - React-RCTVibration (= 0.72.11)
  - React-callinvoker (0.72.11)
  - React-Codegen (0.72.11):
    - DoubleConversion
    - FBReactNativeSpec
    - glog
    - hermes-engine
    - RCT-Folly
    - RCTRequired
    - RCTTypeSafety
    - React-Core
    - React-jsi
    - React-jsiexecutor
    - React-NativeModulesApple
    - React-rncore
    - ReactCommon/turbomodule/bridging
    - ReactCommon/turbomodule/core
  - React-Core (0.72.11):
    - glog
    - hermes-engine
    - RCT-Folly (= 2021.07.22.00)
    - React-Core/Default (= 0.72.11)
    - React-cxxreact
    - React-hermes
    - React-jsi
    - React-jsiexecutor
    - React-perflogger
    - React-runtimeexecutor
    - React-utils
    - SocketRocket (= 0.6.1)
    - Yoga
  - React-Core/CoreModulesHeaders (0.72.11):
    - glog
    - hermes-engine
    - RCT-Folly (= 2021.07.22.00)
    - React-Core/Default
    - React-cxxreact
    - React-hermes
    - React-jsi
    - React-jsiexecutor
    - React-perflogger
    - React-runtimeexecutor
    - React-utils
    - SocketRocket (= 0.6.1)
    - Yoga
  - React-Core/Default (0.72.11):
    - glog
    - hermes-engine
    - RCT-Folly (= 2021.07.22.00)
    - React-cxxreact
    - React-hermes
    - React-jsi
    - React-jsiexecutor
    - React-perflogger
    - React-runtimeexecutor
    - React-utils
    - SocketRocket (= 0.6.1)
    - Yoga
  - React-Core/DevSupport (0.72.11):
    - glog
    - hermes-engine
    - RCT-Folly (= 2021.07.22.00)
    - React-Core/Default (= 0.72.11)
    - React-Core/RCTWebSocket (= 0.72.11)
    - React-cxxreact
    - React-hermes
    - React-jsi
    - React-jsiexecutor
    - React-jsinspector (= 0.72.11)
    - React-perflogger
    - React-runtimeexecutor
    - React-utils
    - SocketRocket (= 0.6.1)
    - Yoga
  - React-Core/RCTActionSheetHeaders (0.72.11):
    - glog
    - hermes-engine
    - RCT-Folly (= 2021.07.22.00)
    - React-Core/Default
    - React-cxxreact
    - React-hermes
    - React-jsi
    - React-jsiexecutor
    - React-perflogger
    - React-runtimeexecutor
    - React-utils
    - SocketRocket (= 0.6.1)
    - Yoga
  - React-Core/RCTAnimationHeaders (0.72.11):
    - glog
    - hermes-engine
    - RCT-Folly (= 2021.07.22.00)
    - React-Core/Default
    - React-cxxreact
    - React-hermes
    - React-jsi
    - React-jsiexecutor
    - React-perflogger
    - React-runtimeexecutor
    - React-utils
    - SocketRocket (= 0.6.1)
    - Yoga
  - React-Core/RCTBlobHeaders (0.72.11):
    - glog
    - hermes-engine
    - RCT-Folly (= 2021.07.22.00)
    - React-Core/Default
    - React-cxxreact
    - React-hermes
    - React-jsi
    - React-jsiexecutor
    - React-perflogger
    - React-runtimeexecutor
    - React-utils
    - SocketRocket (= 0.6.1)
    - Yoga
  - React-Core/RCTImageHeaders (0.72.11):
    - glog
    - hermes-engine
    - RCT-Folly (= 2021.07.22.00)
    - React-Core/Default
    - React-cxxreact
    - React-hermes
    - React-jsi
    - React-jsiexecutor
    - React-perflogger
    - React-runtimeexecutor
    - React-utils
    - SocketRocket (= 0.6.1)
    - Yoga
  - React-Core/RCTLinkingHeaders (0.72.11):
    - glog
    - hermes-engine
    - RCT-Folly (= 2021.07.22.00)
    - React-Core/Default
    - React-cxxreact
    - React-hermes
    - React-jsi
    - React-jsiexecutor
    - React-perflogger
    - React-runtimeexecutor
    - React-utils
    - SocketRocket (= 0.6.1)
    - Yoga
  - React-Core/RCTNetworkHeaders (0.72.11):
    - glog
    - hermes-engine
    - RCT-Folly (= 2021.07.22.00)
    - React-Core/Default
    - React-cxxreact
    - React-hermes
    - React-jsi
    - React-jsiexecutor
    - React-perflogger
    - React-runtimeexecutor
    - React-utils
    - SocketRocket (= 0.6.1)
    - Yoga
  - React-Core/RCTSettingsHeaders (0.72.11):
    - glog
    - hermes-engine
    - RCT-Folly (= 2021.07.22.00)
    - React-Core/Default
    - React-cxxreact
    - React-hermes
    - React-jsi
    - React-jsiexecutor
    - React-perflogger
    - React-runtimeexecutor
    - React-utils
    - SocketRocket (= 0.6.1)
    - Yoga
  - React-Core/RCTTextHeaders (0.72.11):
    - glog
    - hermes-engine
    - RCT-Folly (= 2021.07.22.00)
    - React-Core/Default
    - React-cxxreact
    - React-hermes
    - React-jsi
    - React-jsiexecutor
    - React-perflogger
    - React-runtimeexecutor
    - React-utils
    - SocketRocket (= 0.6.1)
    - Yoga
  - React-Core/RCTVibrationHeaders (0.72.11):
    - glog
    - hermes-engine
    - RCT-Folly (= 2021.07.22.00)
    - React-Core/Default
    - React-cxxreact
    - React-hermes
    - React-jsi
    - React-jsiexecutor
    - React-perflogger
    - React-runtimeexecutor
    - React-utils
    - SocketRocket (= 0.6.1)
    - Yoga
  - React-Core/RCTWebSocket (0.72.11):
    - glog
    - hermes-engine
    - RCT-Folly (= 2021.07.22.00)
    - React-Core/Default (= 0.72.11)
    - React-cxxreact
    - React-hermes
    - React-jsi
    - React-jsiexecutor
    - React-perflogger
    - React-runtimeexecutor
    - React-utils
    - SocketRocket (= 0.6.1)
    - Yoga
  - React-CoreModules (0.72.11):
    - RCT-Folly (= 2021.07.22.00)
    - RCTTypeSafety (= 0.72.11)
    - React-Codegen (= 0.72.11)
    - React-Core/CoreModulesHeaders (= 0.72.11)
    - React-jsi (= 0.72.11)
    - React-RCTBlob
    - React-RCTImage (= 0.72.11)
    - ReactCommon/turbomodule/core (= 0.72.11)
    - SocketRocket (= 0.6.1)
  - React-cxxreact (0.72.11):
    - boost (= 1.76.0)
    - DoubleConversion
    - glog
    - hermes-engine
    - RCT-Folly (= 2021.07.22.00)
    - React-callinvoker (= 0.72.11)
    - React-debug (= 0.72.11)
    - React-jsi (= 0.72.11)
    - React-jsinspector (= 0.72.11)
    - React-logger (= 0.72.11)
    - React-perflogger (= 0.72.11)
    - React-runtimeexecutor (= 0.72.11)
  - React-debug (0.72.11)
  - React-hermes (0.72.11):
    - DoubleConversion
    - glog
    - hermes-engine
    - RCT-Folly (= 2021.07.22.00)
    - RCT-Folly/Futures (= 2021.07.22.00)
    - React-cxxreact (= 0.72.11)
    - React-jsi
    - React-jsiexecutor (= 0.72.11)
    - React-jsinspector (= 0.72.11)
    - React-perflogger (= 0.72.11)
  - React-jsi (0.72.11):
    - boost (= 1.76.0)
    - DoubleConversion
    - glog
    - hermes-engine
    - RCT-Folly (= 2021.07.22.00)
  - React-jsiexecutor (0.72.11):
    - DoubleConversion
    - glog
    - hermes-engine
    - RCT-Folly (= 2021.07.22.00)
    - React-cxxreact (= 0.72.11)
    - React-jsi (= 0.72.11)
    - React-perflogger (= 0.72.11)
  - React-jsinspector (0.72.11)
  - React-logger (0.72.11):
    - glog
  - react-native-netinfo (9.3.7):
    - React-Core
  - react-native-safe-area-context (4.5.0):
    - RCT-Folly
    - RCTRequired
    - RCTTypeSafety
    - React-Core
    - ReactCommon/turbomodule/core
  - react-native-splash-screen (3.3.0):
    - React-Core
  - React-NativeModulesApple (0.72.11):
    - hermes-engine
    - React-callinvoker
    - React-Core
    - React-cxxreact
    - React-jsi
    - React-runtimeexecutor
    - ReactCommon/turbomodule/bridging
    - ReactCommon/turbomodule/core
  - React-perflogger (0.72.11)
  - React-RCTActionSheet (0.72.11):
    - React-Core/RCTActionSheetHeaders (= 0.72.11)
  - React-RCTAnimation (0.72.11):
    - RCT-Folly (= 2021.07.22.00)
    - RCTTypeSafety (= 0.72.11)
    - React-Codegen (= 0.72.11)
    - React-Core/RCTAnimationHeaders (= 0.72.11)
    - React-jsi (= 0.72.11)
    - ReactCommon/turbomodule/core (= 0.72.11)
  - React-RCTAppDelegate (0.72.11):
    - RCT-Folly
    - RCTRequired
    - RCTTypeSafety
    - React-Core
    - React-CoreModules
    - React-hermes
    - React-NativeModulesApple
    - React-RCTImage
    - React-RCTNetwork
    - React-runtimescheduler
    - ReactCommon/turbomodule/core
  - React-RCTBlob (0.72.11):
    - hermes-engine
    - RCT-Folly (= 2021.07.22.00)
    - React-Codegen (= 0.72.11)
    - React-Core/RCTBlobHeaders (= 0.72.11)
    - React-Core/RCTWebSocket (= 0.72.11)
    - React-jsi (= 0.72.11)
    - React-RCTNetwork (= 0.72.11)
    - ReactCommon/turbomodule/core (= 0.72.11)
  - React-RCTImage (0.72.11):
    - RCT-Folly (= 2021.07.22.00)
    - RCTTypeSafety (= 0.72.11)
    - React-Codegen (= 0.72.11)
    - React-Core/RCTImageHeaders (= 0.72.11)
    - React-jsi (= 0.72.11)
    - React-RCTNetwork (= 0.72.11)
    - ReactCommon/turbomodule/core (= 0.72.11)
  - React-RCTLinking (0.72.11):
    - React-Codegen (= 0.72.11)
    - React-Core/RCTLinkingHeaders (= 0.72.11)
    - React-jsi (= 0.72.11)
    - ReactCommon/turbomodule/core (= 0.72.11)
  - React-RCTNetwork (0.72.11):
    - RCT-Folly (= 2021.07.22.00)
    - RCTTypeSafety (= 0.72.11)
    - React-Codegen (= 0.72.11)
    - React-Core/RCTNetworkHeaders (= 0.72.11)
    - React-jsi (= 0.72.11)
    - ReactCommon/turbomodule/core (= 0.72.11)
  - React-RCTSettings (0.72.11):
    - RCT-Folly (= 2021.07.22.00)
    - RCTTypeSafety (= 0.72.11)
    - React-Codegen (= 0.72.11)
    - React-Core/RCTSettingsHeaders (= 0.72.11)
    - React-jsi (= 0.72.11)
    - ReactCommon/turbomodule/core (= 0.72.11)
  - React-RCTText (0.72.11):
    - React-Core/RCTTextHeaders (= 0.72.11)
  - React-RCTVibration (0.72.11):
    - RCT-Folly (= 2021.07.22.00)
    - React-Codegen (= 0.72.11)
    - React-Core/RCTVibrationHeaders (= 0.72.11)
    - React-jsi (= 0.72.11)
    - ReactCommon/turbomodule/core (= 0.72.11)
  - React-rncore (0.72.11)
  - React-runtimeexecutor (0.72.11):
    - React-jsi (= 0.72.11)
  - React-runtimescheduler (0.72.11):
    - glog
    - hermes-engine
    - RCT-Folly (= 2021.07.22.00)
    - React-callinvoker
    - React-debug
    - React-jsi
    - React-runtimeexecutor
  - React-utils (0.72.11):
    - glog
    - RCT-Folly (= 2021.07.22.00)
    - React-debug
  - ReactCommon/turbomodule/bridging (0.72.11):
    - DoubleConversion
    - glog
    - hermes-engine
    - RCT-Folly (= 2021.07.22.00)
    - React-callinvoker (= 0.72.11)
    - React-cxxreact (= 0.72.11)
    - React-jsi (= 0.72.11)
    - React-logger (= 0.72.11)
    - React-perflogger (= 0.72.11)
  - ReactCommon/turbomodule/core (0.72.11):
    - DoubleConversion
    - glog
    - hermes-engine
    - RCT-Folly (= 2021.07.22.00)
    - React-callinvoker (= 0.72.11)
    - React-cxxreact (= 0.72.11)
    - React-jsi (= 0.72.11)
    - React-logger (= 0.72.11)
    - React-perflogger (= 0.72.11)
  - ReactNativeLocalization (2.3.2):
    - React-Core
  - RNCAsyncStorage (1.17.11):
    - React-Core
  - RNDeviceInfo (10.3.0):
    - React-Core
  - RNFastImage (8.6.3):
    - React-Core
    - SDWebImage (~> 5.11.1)
    - SDWebImageWebPCoder (~> 0.8.4)
  - RNScreens (3.19.0):
    - React-Core
    - React-RCTImage
  - RNSVG (13.13.0):
    - React-Core
  - RNVectorIcons (10.0.0):
    - React-Core
  - SDWebImage (5.11.1):
    - SDWebImage/Core (= 5.11.1)
  - SDWebImage/Core (5.11.1)
  - SDWebImageWebPCoder (0.8.5):
    - libwebp (~> 1.0)
    - SDWebImage/Core (~> 5.10)
  - SocketRocket (0.6.1)
  - Yoga (1.14.0)

DEPENDENCIES:
  - boost (from `../node_modules/react-native/third-party-podspecs/boost.podspec`)
  - DoubleConversion (from `../node_modules/react-native/third-party-podspecs/DoubleConversion.podspec`)
  - FBLazyVector (from `../node_modules/react-native/Libraries/FBLazyVector`)
  - FBReactNativeSpec (from `../node_modules/react-native/React/FBReactNativeSpec`)
  - glog (from `../node_modules/react-native/third-party-podspecs/glog.podspec`)
  - hermes-engine (from `../node_modules/react-native/sdks/hermes-engine/hermes-engine.podspec`)
  - libevent (~> 2.1.12)
  - RCT-Folly (from `../node_modules/react-native/third-party-podspecs/RCT-Folly.podspec`)
  - RCTRequired (from `../node_modules/react-native/Libraries/RCTRequired`)
  - RCTTypeSafety (from `../node_modules/react-native/Libraries/TypeSafety`)
  - React (from `../node_modules/react-native/`)
  - React-callinvoker (from `../node_modules/react-native/ReactCommon/callinvoker`)
  - React-Codegen (from `build/generated/ios`)
  - React-Core (from `../node_modules/react-native/`)
  - React-Core/RCTWebSocket (from `../node_modules/react-native/`)
  - React-CoreModules (from `../node_modules/react-native/React/CoreModules`)
  - React-cxxreact (from `../node_modules/react-native/ReactCommon/cxxreact`)
  - React-debug (from `../node_modules/react-native/ReactCommon/react/debug`)
  - React-hermes (from `../node_modules/react-native/ReactCommon/hermes`)
  - React-jsi (from `../node_modules/react-native/ReactCommon/jsi`)
  - React-jsiexecutor (from `../node_modules/react-native/ReactCommon/jsiexecutor`)
  - React-jsinspector (from `../node_modules/react-native/ReactCommon/jsinspector`)
  - React-logger (from `../node_modules/react-native/ReactCommon/logger`)
  - "react-native-netinfo (from `../node_modules/@react-native-community/netinfo`)"
  - react-native-safe-area-context (from `../node_modules/react-native-safe-area-context`)
  - react-native-splash-screen (from `../node_modules/react-native-splash-screen`)
  - React-NativeModulesApple (from `../node_modules/react-native/ReactCommon/react/nativemodule/core/platform/ios`)
  - React-perflogger (from `../node_modules/react-native/ReactCommon/reactperflogger`)
  - React-RCTActionSheet (from `../node_modules/react-native/Libraries/ActionSheetIOS`)
  - React-RCTAnimation (from `../node_modules/react-native/Libraries/NativeAnimation`)
  - React-RCTAppDelegate (from `../node_modules/react-native/Libraries/AppDelegate`)
  - React-RCTBlob (from `../node_modules/react-native/Libraries/Blob`)
  - React-RCTImage (from `../node_modules/react-native/Libraries/Image`)
  - React-RCTLinking (from `../node_modules/react-native/Libraries/LinkingIOS`)
  - React-RCTNetwork (from `../node_modules/react-native/Libraries/Network`)
  - React-RCTSettings (from `../node_modules/react-native/Libraries/Settings`)
  - React-RCTText (from `../node_modules/react-native/Libraries/Text`)
  - React-RCTVibration (from `../node_modules/react-native/Libraries/Vibration`)
  - React-rncore (from `../node_modules/react-native/ReactCommon`)
  - React-runtimeexecutor (from `../node_modules/react-native/ReactCommon/runtimeexecutor`)
  - React-runtimescheduler (from `../node_modules/react-native/ReactCommon/react/renderer/runtimescheduler`)
  - React-utils (from `../node_modules/react-native/ReactCommon/react/utils`)
  - ReactCommon/turbomodule/core (from `../node_modules/react-native/ReactCommon`)
  - ReactNativeLocalization (from `../node_modules/react-native-localization`)
  - "RNCAsyncStorage (from `../node_modules/@react-native-async-storage/async-storage`)"
  - RNDeviceInfo (from `../node_modules/react-native-device-info`)
  - RNFastImage (from `../node_modules/react-native-fast-image`)
  - RNScreens (from `../node_modules/react-native-screens`)
  - RNSVG (from `../node_modules/react-native-svg`)
  - RNVectorIcons (from `../node_modules/react-native-vector-icons`)
  - Yoga (from `../node_modules/react-native/ReactCommon/yoga`)

SPEC REPOS:
  trunk:
    - fmt
    - libevent
    - libwebp
    - SDWebImage
    - SDWebImageWebPCoder
    - SocketRocket

EXTERNAL SOURCES:
  boost:
    :podspec: "../node_modules/react-native/third-party-podspecs/boost.podspec"
  DoubleConversion:
    :podspec: "../node_modules/react-native/third-party-podspecs/DoubleConversion.podspec"
  FBLazyVector:
    :path: "../node_modules/react-native/Libraries/FBLazyVector"
  FBReactNativeSpec:
    :path: "../node_modules/react-native/React/FBReactNativeSpec"
  glog:
    :podspec: "../node_modules/react-native/third-party-podspecs/glog.podspec"
  hermes-engine:
    :podspec: "../node_modules/react-native/sdks/hermes-engine/hermes-engine.podspec"
  RCT-Folly:
    :podspec: "../node_modules/react-native/third-party-podspecs/RCT-Folly.podspec"
  RCTRequired:
    :path: "../node_modules/react-native/Libraries/RCTRequired"
  RCTTypeSafety:
    :path: "../node_modules/react-native/Libraries/TypeSafety"
  React:
    :path: "../node_modules/react-native/"
  React-callinvoker:
    :path: "../node_modules/react-native/ReactCommon/callinvoker"
  React-Codegen:
    :path: build/generated/ios
  React-Core:
    :path: "../node_modules/react-native/"
  React-CoreModules:
    :path: "../node_modules/react-native/React/CoreModules"
  React-cxxreact:
    :path: "../node_modules/react-native/ReactCommon/cxxreact"
  React-debug:
    :path: "../node_modules/react-native/ReactCommon/react/debug"
  React-hermes:
    :path: "../node_modules/react-native/ReactCommon/hermes"
  React-jsi:
    :path: "../node_modules/react-native/ReactCommon/jsi"
  React-jsiexecutor:
    :path: "../node_modules/react-native/ReactCommon/jsiexecutor"
  React-jsinspector:
    :path: "../node_modules/react-native/ReactCommon/jsinspector"
  React-logger:
    :path: "../node_modules/react-native/ReactCommon/logger"
  react-native-netinfo:
    :path: "../node_modules/@react-native-community/netinfo"
  react-native-safe-area-context:
    :path: "../node_modules/react-native-safe-area-context"
  react-native-splash-screen:
    :path: "../node_modules/react-native-splash-screen"
  React-NativeModulesApple:
    :path: "../node_modules/react-native/ReactCommon/react/nativemodule/core/platform/ios"
  React-perflogger:
    :path: "../node_modules/react-native/ReactCommon/reactperflogger"
  React-RCTActionSheet:
    :path: "../node_modules/react-native/Libraries/ActionSheetIOS"
  React-RCTAnimation:
    :path: "../node_modules/react-native/Libraries/NativeAnimation"
  React-RCTAppDelegate:
    :path: "../node_modules/react-native/Libraries/AppDelegate"
  React-RCTBlob:
    :path: "../node_modules/react-native/Libraries/Blob"
  React-RCTImage:
    :path: "../node_modules/react-native/Libraries/Image"
  React-RCTLinking:
    :path: "../node_modules/react-native/Libraries/LinkingIOS"
  React-RCTNetwork:
    :path: "../node_modules/react-native/Libraries/Network"
  React-RCTSettings:
    :path: "../node_modules/react-native/Libraries/Settings"
  React-RCTText:
    :path: "../node_modules/react-native/Libraries/Text"
  React-RCTVibration:
    :path: "../node_modules/react-native/Libraries/Vibration"
  React-rncore:
    :path: "../node_modules/react-native/ReactCommon"
  React-runtimeexecutor:
    :path: "../node_modules/react-native/ReactCommon/runtimeexecutor"
  React-runtimescheduler:
    :path: "../node_modules/react-native/ReactCommon/react/renderer/runtimescheduler"
  React-utils:
    :path: "../node_modules/react-native/ReactCommon/react/utils"
  ReactCommon:
    :path: "../node_modules/react-native/ReactCommon"
  ReactNativeLocalization:
    :path: "../node_modules/react-native-localization"
  RNCAsyncStorage:
    :path: "../node_modules/@react-native-async-storage/async-storage"
  RNDeviceInfo:
    :path: "../node_modules/react-native-device-info"
  RNFastImage:
    :path: "../node_modules/react-native-fast-image"
  RNScreens:
    :path: "../node_modules/react-native-screens"
  RNSVG:
    :path: "../node_modules/react-native-svg"
  RNVectorIcons:
    :path: "../node_modules/react-native-vector-icons"
  Yoga:
    :path: "../node_modules/react-native/ReactCommon/yoga"

SPEC CHECKSUMS:
  boost: 57d2868c099736d80fcd648bf211b4431e51a558
  DoubleConversion: 5189b271737e1565bdce30deb4a08d647e3f5f54
  FBLazyVector: 1d033b6462f2d7bdde254a5118fe5e459c3ff36d
  FBReactNativeSpec: 7cdf84cde92e07142519467b850764f8d57487ec
  fmt: ff9d55029c625d3757ed641535fd4a75fedc7ce9
  glog: 04b94705f318337d7ead9e6d17c019bd9b1f6b1b
  hermes-engine: 9b9bb14184a11b8ceb4131b09abf634880f0f46d
  libevent: 4049cae6c81cdb3654a443be001fb9bdceff7913
  libwebp: f62cb61d0a484ba548448a4bd52aabf150ff6eef
  RCT-Folly: 424b8c9a7a0b9ab2886ffe9c3b041ef628fd4fb1
  RCTRequired: 4a524af1769a10608bf423aa8c0804b10f84aec8
  RCTTypeSafety: 419b5760003f83e245fc191b53491b078d41d32e
  React: 4d173dc00be188cca5d6beef17fcc2bcddff2020
  React-callinvoker: 5f384ba1681933aaeae4ed473068dbece3cd6f67
  React-Codegen: dc75a08c3e0d7cdcec211c9f2245b9a08f8ae0a1
  React-Core: fc7617d9eb7d770feb00f6ba156bd9d4c58ac8f6
  React-CoreModules: cf5ec47f3c4dd2d4adf9dae90014d49889c0518e
  React-cxxreact: 6493d446dbfd452c670afde49c4413830af3d606
  React-debug: 0b2c3c5f5e2dd977573f304aa1ea4c28a7a7aa1e
  React-hermes: 274f400ef8507abc573c25b78cac26974ab063e6
  React-jsi: 98eac4626437059bb7e1193ce2c1b0ba078071d9
  React-jsiexecutor: 13401c2c6ddc727c74b71eb58b7590332d27d4eb
  React-jsinspector: a70e8fc7f3ae7982db27e7c114c0ec8c0714c8f5
  React-logger: 9fd8d34baa7930b42a70669ec0f0971083ae5a7b
  react-native-netinfo: 2517ad504b3d303e90d7a431b0fcaef76d207983
  react-native-safe-area-context: 39c2d8be3328df5d437ac1700f4f3a4f75716acc
  react-native-splash-screen: 4312f786b13a81b5169ef346d76d33bc0c6dc457
  React-NativeModulesApple: fd9fb8a2d2d789988f110c3c21c91fa0795fa2c7
  React-perflogger: 800d85d51d4f53efc2eec11f459919752e494db3
  React-RCTActionSheet: 02942b4c0f90bfb9a18f77bf13e486d2a6ba1b6f
  React-RCTAnimation: 3c9cf760db348530599e03f19812b18d40cf4b7d
  React-RCTAppDelegate: 1cbed662b509fa4ad83f378855a9946c159f4960
  React-RCTBlob: 2f909499042c62a1492409d11e52869db9073e64
  React-RCTImage: 6e8830f1d2e74627f2cec640928abdead9b1f2fc
  React-RCTLinking: 690800c67ca7b020eb2f84106028f77e84003679
  React-RCTNetwork: 6cc2caea3560250191059e98e5fe806e125ebdbb
  React-RCTSettings: eade7decf59d16f98a0c781ea0e5e2b085e10b1b
  React-RCTText: 22bce9d6ea071d84b90d13f21dc46e8ea7c27c84
  React-RCTVibration: d79a9c4f9e50dcc9369aaa895df2f67f1b1869a1
  React-rncore: 98bfdad629754b0d41d2d2d6f52f84a210c8d244
  React-runtimeexecutor: 898c270235ec4b605fc7585af0cd8cfa3cc1c6c7
  React-runtimescheduler: ad89a9e6705be34d127d7f320e4a7fb797ac28e6
  React-utils: cc09672a1517d768cfc545f245c78a1cae87fd49
  ReactCommon: cadee954951b13f7550766c0074dd38af2da3575
  ReactNativeLocalization: fb171138cdc80d5d0d4f20243d2fc82c2b3cc48f
  RNCAsyncStorage: 8616bd5a58af409453ea4e1b246521bb76578d60
  RNDeviceInfo: 4701f0bf2a06b34654745053db0ce4cb0c53ada7
  RNFastImage: 5c9c9fed9c076e521b3f509fe79e790418a544e8
  RNScreens: ea4cd3a853063cda19a4e3c28d2e52180c80f4eb
  RNSVG: ed492aaf3af9ca01bc945f7a149d76d62e73ec82
  RNVectorIcons: 8b5bb0fa61d54cd2020af4f24a51841ce365c7e9
  SDWebImage: a7f831e1a65eb5e285e3fb046a23fcfbf08e696d
  SDWebImageWebPCoder: 908b83b6adda48effe7667cd2b7f78c897e5111d
  SocketRocket: f32cd54efbe0f095c4d7594881e52619cfe80b17
  Yoga: 76b2d5677fc9694bae53c80d0cccfc55719064a3

PODFILE CHECKSUM: 92bab173c1acf6f5addbe61e8c088ec84b27e95d

COCOAPODS: 1.11.3
